
Microsoft Visual Studio Solution File, Format Version 12.00
# Visual Studio Version 17
VisualStudioVersion = 17.5.33516.290
MinimumVisualStudioVersion = 10.0.40219.1
Project("{FAE04EC0-301F-11D3-BF4B-00C04F79EFBC}") = "GOOD FOOD", "GOOD FOOD\GOOD FOOD.csproj", "{A01B69E3-3F73-4C35-A649-D39C3AAA85EC}"
EndProject
Global
	GlobalSection(SolutionConfigurationPlatforms) = preSolution
		Debug|Any CPU = Debug|Any CPU
		Release|Any CPU = Release|Any CPU
	EndGlobalSection
	GlobalSection(ProjectConfigurationPlatforms) = postSolution
		{A01B69E3-3F73-4C35-A649-D39C3AAA85EC}.Debug|Any CPU.ActiveCfg = Debug|Any CPU
		{A01B69E3-3F73-4C35-A649-D39C3AAA85EC}.Debug|Any CPU.Build.0 = Debug|Any CPU
		{A01B69E3-3F73-4C35-A649-D39C3AAA85EC}.Release|Any CPU.ActiveCfg = Release|Any CPU
		{A01B69E3-3F73-4C35-A649-D39C3AAA85EC}.Release|Any CPU.Build.0 = Release|Any CPU
	EndGlobalSection
	GlobalSection(SolutionProperties) = preSolution
		HideSolutionNode = FALSE
	EndGlobalSection
	GlobalSection(ExtensibilityGlobals) = postSolution
		SolutionGuid = {308DAFE9-E840-40BE-BB37-BD0413682CD7}
	EndGlobalSection
EndGlobal
